
Microsoft Visual Studio Solution File, Format Version 12.00
# Visual Studio Version 17
VisualStudioVersion = 17.0.31903.59
MinimumVisualStudioVersion = 10.0.40219.1
Project("{FAE04EC0-301F-11D3-BF4B-00C04F79EFBC}") = "Domain", "Domain\Domain.csproj", "{6B90F98C-E54F-4F6E-8C9C-9B685613CB94}"
EndProject
Project("{FAE04EC0-301F-11D3-BF4B-00C04F79EFBC}") = "Application", "Application\Application.csproj", "{CAC9DAE6-029A-4261-8290-9A46F46E7773}"
EndProject
Project("{FAE04EC0-301F-11D3-BF4B-00C04F79EFBC}") = "Persistence", "Persistence\Persistence.csproj", "{D87D46FC-7A25-4C88-B6A0-F3623A73C1C5}"
EndProject
Project("{FAE04EC0-301F-11D3-BF4B-00C04F79EFBC}") = "API", "API\API.csproj", "{6612B591-CD94-4EEF-97C5-6B04C6126C50}"
EndProject
Global
	GlobalSection(SolutionConfigurationPlatforms) = preSolution
		Debug|Any CPU = Debug|Any CPU
		Release|Any CPU = Release|Any CPU
	EndGlobalSection
	GlobalSection(SolutionProperties) = preSolution
		HideSolutionNode = FALSE
	EndGlobalSection
	GlobalSection(ProjectConfigurationPlatforms) = postSolution
		{6B90F98C-E54F-4F6E-8C9C-9B685613CB94}.Debug|Any CPU.ActiveCfg = Debug|Any CPU
		{6B90F98C-E54F-4F6E-8C9C-9B685613CB94}.Debug|Any CPU.Build.0 = Debug|Any CPU
		{6B90F98C-E54F-4F6E-8C9C-9B685613CB94}.Release|Any CPU.ActiveCfg = Release|Any CPU
		{6B90F98C-E54F-4F6E-8C9C-9B685613CB94}.Release|Any CPU.Build.0 = Release|Any CPU
		{CAC9DAE6-029A-4261-8290-9A46F46E7773}.Debug|Any CPU.ActiveCfg = Debug|Any CPU
		{CAC9DAE6-029A-4261-8290-9A46F46E7773}.Debug|Any CPU.Build.0 = Debug|Any CPU
		{CAC9DAE6-029A-4261-8290-9A46F46E7773}.Release|Any CPU.ActiveCfg = Release|Any CPU
		{CAC9DAE6-029A-4261-8290-9A46F46E7773}.Release|Any CPU.Build.0 = Release|Any CPU
		{D87D46FC-7A25-4C88-B6A0-F3623A73C1C5}.Debug|Any CPU.ActiveCfg = Debug|Any CPU
		{D87D46FC-7A25-4C88-B6A0-F3623A73C1C5}.Debug|Any CPU.Build.0 = Debug|Any CPU
		{D87D46FC-7A25-4C88-B6A0-F3623A73C1C5}.Release|Any CPU.ActiveCfg = Release|Any CPU
		{D87D46FC-7A25-4C88-B6A0-F3623A73C1C5}.Release|Any CPU.Build.0 = Release|Any CPU
		{6612B591-CD94-4EEF-97C5-6B04C6126C50}.Debug|Any CPU.ActiveCfg = Debug|Any CPU
		{6612B591-CD94-4EEF-97C5-6B04C6126C50}.Debug|Any CPU.Build.0 = Debug|Any CPU
		{6612B591-CD94-4EEF-97C5-6B04C6126C50}.Release|Any CPU.ActiveCfg = Release|Any CPU
		{6612B591-CD94-4EEF-97C5-6B04C6126C50}.Release|Any CPU.Build.0 = Release|Any CPU
	EndGlobalSection
EndGlobal
